
Microsoft Visual Studio Solution File, Format Version 12.00
# Visual Studio Version 17
VisualStudioVersion = 17.14.36414.22
MinimumVisualStudioVersion = 10.0.40219.1
Project("{2150E333-8FDC-42A3-9474-1A3956D46DE8}") = "Task0", "Task0", "{02EA681E-C7D8-13C7-8484-4AC65E1B71E8}"
EndProject
Project("{FAE04EC0-301F-11D3-BF4B-00C04F79EFBC}") = "Tyuiu.SherenkovIR.Sprint0.Task0.V0", "Tyuiu.SherenkovIR.Sprint0.Task0.V0\Tyuiu.SherenkovIR.Sprint0.Task0.V0.csproj", "{308A5E6D-99D3-462A-8300-73194022D7B3}"
EndProject
Project("{2150E333-8FDC-42A3-9474-1A3956D46DE8}") = "Task1", "Task1", "{3DE1F5B0-51FD-4A64-A061-A3BAA80EA30A}"
EndProject
Project("{FAE04EC0-301F-11D3-BF4B-00C04F79EFBC}") = "Tyuiu.SherenkovIR.Sprint0.Task1.V0", "Tyuiu.SherenkovIR.Sprint0.Task1.V0\Tyuiu.SherenkovIR.Sprint0.Task1.V0.csproj", "{64854732-8E78-48EF-B8B9-BC0D9CC0A5AA}"
EndProject
Project("{2150E333-8FDC-42A3-9474-1A3956D46DE8}") = "Task2", "Task2", "{FACAFF2C-7D57-4BE7-914B-45E2ED97980C}"
EndProject
Project("{FAE04EC0-301F-11D3-BF4B-00C04F79EFBC}") = "Tyuiu.SherenkovIR.Sprint0.Task2.V0", "Tyuiu.SherenkovIR.Sprint0.Task2.V0\Tyuiu.SherenkovIR.Sprint0.Task2.V0.csproj", "{1AD6088E-0250-4F23-AE9B-CB72676A1462}"
EndProject
Project("{FAE04EC0-301F-11D3-BF4B-00C04F79EFBC}") = "Tyuiu.SherenkoIR.Sprint0.Task2.V0.Lib", "Tyuiu.SherenkoIR.Sprint0.Task2.V0.Lib\Tyuiu.SherenkoIR.Sprint0.Task2.V0.Lib.csproj", "{B9ED8CA5-B140-4AB8-98AB-EDC852C01813}"
EndProject
Project("{FAE04EC0-301F-11D3-BF4B-00C04F79EFBC}") = "Tyuiu.SherenkovIR.Sprint0.Task2.V0.Test", "Tyuiu.SherenkovIR.Sprint0.Task2.V0.Test\Tyuiu.SherenkovIR.Sprint0.Task2.V0.Test.csproj", "{4D245835-2EA4-4519-9141-FFEA433FDB3F}"
EndProject
Project("{2150E333-8FDC-42A3-9474-1A3956D46DE8}") = "Task3", "Task3", "{ED4566B6-592C-434F-A145-306D1E05355E}"
EndProject
Project("{FAE04EC0-301F-11D3-BF4B-00C04F79EFBC}") = "Tyuiu.SherenkovIR.Sprint0.Task3.V0", "Tyuiu.SherenkovIR.Sprint0.Task3.V0\Tyuiu.SherenkovIR.Sprint0.Task3.V0.csproj", "{390E03B6-0847-42A6-B09A-10AD8841E3DD}"
EndProject
Project("{FAE04EC0-301F-11D3-BF4B-00C04F79EFBC}") = "Tyuiu.SherenkovIR.Sprint0.Task3.V0.Lib", "Tyuiu.SherenkovIR.Sprint0.Task3.V0.Lib\Tyuiu.SherenkovIR.Sprint0.Task3.V0.Lib.csproj", "{1632E3E7-B503-4545-AB17-4908DB38873F}"
EndProject
Project("{FAE04EC0-301F-11D3-BF4B-00C04F79EFBC}") = "Tyuiu.SherenkovIR.Sprint0.Task3.V0.Test", "Tyuiu.SherenkovIR.Sprint0.Task3.V0.Test\Tyuiu.SherenkovIR.Sprint0.Task3.V0.Test.csproj", "{2E5A8037-3672-46E2-ABA0-0A1446CFDB15}"
EndProject
Global
	GlobalSection(SolutionConfigurationPlatforms) = preSolution
		Debug|Any CPU = Debug|Any CPU
		Release|Any CPU = Release|Any CPU
	EndGlobalSection
	GlobalSection(ProjectConfigurationPlatforms) = postSolution
		{308A5E6D-99D3-462A-8300-73194022D7B3}.Debug|Any CPU.ActiveCfg = Debug|Any CPU
		{308A5E6D-99D3-462A-8300-73194022D7B3}.Debug|Any CPU.Build.0 = Debug|Any CPU
		{308A5E6D-99D3-462A-8300-73194022D7B3}.Release|Any CPU.ActiveCfg = Release|Any CPU
		{308A5E6D-99D3-462A-8300-73194022D7B3}.Release|Any CPU.Build.0 = Release|Any CPU
		{64854732-8E78-48EF-B8B9-BC0D9CC0A5AA}.Debug|Any CPU.ActiveCfg = Debug|Any CPU
		{64854732-8E78-48EF-B8B9-BC0D9CC0A5AA}.Debug|Any CPU.Build.0 = Debug|Any CPU
		{64854732-8E78-48EF-B8B9-BC0D9CC0A5AA}.Release|Any CPU.ActiveCfg = Release|Any CPU
		{64854732-8E78-48EF-B8B9-BC0D9CC0A5AA}.Release|Any CPU.Build.0 = Release|Any CPU
		{1AD6088E-0250-4F23-AE9B-CB72676A1462}.Debug|Any CPU.ActiveCfg = Debug|Any CPU
		{1AD6088E-0250-4F23-AE9B-CB72676A1462}.Debug|Any CPU.Build.0 = Debug|Any CPU
		{1AD6088E-0250-4F23-AE9B-CB72676A1462}.Release|Any CPU.ActiveCfg = Release|Any CPU
		{1AD6088E-0250-4F23-AE9B-CB72676A1462}.Release|Any CPU.Build.0 = Release|Any CPU
		{B9ED8CA5-B140-4AB8-98AB-EDC852C01813}.Debug|Any CPU.ActiveCfg = Debug|Any CPU
		{B9ED8CA5-B140-4AB8-98AB-EDC852C01813}.Debug|Any CPU.Build.0 = Debug|Any CPU
		{B9ED8CA5-B140-4AB8-98AB-EDC852C01813}.Release|Any CPU.ActiveCfg = Release|Any CPU
		{B9ED8CA5-B140-4AB8-98AB-EDC852C01813}.Release|Any CPU.Build.0 = Release|Any CPU
		{4D245835-2EA4-4519-9141-FFEA433FDB3F}.Debug|Any CPU.ActiveCfg = Debug|Any CPU
		{4D245835-2EA4-4519-9141-FFEA433FDB3F}.Debug|Any CPU.Build.0 = Debug|Any CPU
		{4D245835-2EA4-4519-9141-FFEA433FDB3F}.Release|Any CPU.ActiveCfg = Release|Any CPU
		{4D245835-2EA4-4519-9141-FFEA433FDB3F}.Release|Any CPU.Build.0 = Release|Any CPU
		{390E03B6-0847-42A6-B09A-10AD8841E3DD}.Debug|Any CPU.ActiveCfg = Debug|Any CPU
		{390E03B6-0847-42A6-B09A-10AD8841E3DD}.Debug|Any CPU.Build.0 = Debug|Any CPU
		{390E03B6-0847-42A6-B09A-10AD8841E3DD}.Release|Any CPU.ActiveCfg = Release|Any CPU
		{390E03B6-0847-42A6-B09A-10AD8841E3DD}.Release|Any CPU.Build.0 = Release|Any CPU
		{1632E3E7-B503-4545-AB17-4908DB38873F}.Debug|Any CPU.ActiveCfg = Debug|Any CPU
		{1632E3E7-B503-4545-AB17-4908DB38873F}.Debug|Any CPU.Build.0 = Debug|Any CPU
		{1632E3E7-B503-4545-AB17-4908DB38873F}.Release|Any CPU.ActiveCfg = Release|Any CPU
		{1632E3E7-B503-4545-AB17-4908DB38873F}.Release|Any CPU.Build.0 = Release|Any CPU
		{2E5A8037-3672-46E2-ABA0-0A1446CFDB15}.Debug|Any CPU.ActiveCfg = Debug|Any CPU
		{2E5A8037-3672-46E2-ABA0-0A1446CFDB15}.Debug|Any CPU.Build.0 = Debug|Any CPU
		{2E5A8037-3672-46E2-ABA0-0A1446CFDB15}.Release|Any CPU.ActiveCfg = Release|Any CPU
		{2E5A8037-3672-46E2-ABA0-0A1446CFDB15}.Release|Any CPU.Build.0 = Release|Any CPU
	EndGlobalSection
	GlobalSection(SolutionProperties) = preSolution
		HideSolutionNode = FALSE
	EndGlobalSection
	GlobalSection(NestedProjects) = preSolution
		{308A5E6D-99D3-462A-8300-73194022D7B3} = {02EA681E-C7D8-13C7-8484-4AC65E1B71E8}
		{64854732-8E78-48EF-B8B9-BC0D9CC0A5AA} = {3DE1F5B0-51FD-4A64-A061-A3BAA80EA30A}
		{1AD6088E-0250-4F23-AE9B-CB72676A1462} = {FACAFF2C-7D57-4BE7-914B-45E2ED97980C}
		{B9ED8CA5-B140-4AB8-98AB-EDC852C01813} = {FACAFF2C-7D57-4BE7-914B-45E2ED97980C}
		{4D245835-2EA4-4519-9141-FFEA433FDB3F} = {FACAFF2C-7D57-4BE7-914B-45E2ED97980C}
		{390E03B6-0847-42A6-B09A-10AD8841E3DD} = {ED4566B6-592C-434F-A145-306D1E05355E}
		{1632E3E7-B503-4545-AB17-4908DB38873F} = {ED4566B6-592C-434F-A145-306D1E05355E}
		{2E5A8037-3672-46E2-ABA0-0A1446CFDB15} = {ED4566B6-592C-434F-A145-306D1E05355E}
	EndGlobalSection
	GlobalSection(ExtensibilityGlobals) = postSolution
		SolutionGuid = {28681678-3852-4531-AD3F-7EAB0FD0F447}
	EndGlobalSection
EndGlobal
