
Microsoft Visual Studio Solution File, Format Version 12.00
# Visual Studio Version 17
VisualStudioVersion = 17.14.36414.22
MinimumVisualStudioVersion = 10.0.40219.1
Project("{2150E333-8FDC-42A3-9474-1A3956D46DE8}") = "Task0", "Task0", "{02EA681E-C7D8-13C7-8484-4AC65E1B71E8}"
EndProject
Project("{FAE04EC0-301F-11D3-BF4B-00C04F79EFBC}") = "Tyuiu.SherenkovIR.Sprint0.Task0.V0", "Tyuiu.SherenkovIR.Sprint0.Task0.V0\Tyuiu.SherenkovIR.Sprint0.Task0.V0.csproj", "{308A5E6D-99D3-462A-8300-73194022D7B3}"
EndProject
Project("{2150E333-8FDC-42A3-9474-1A3956D46DE8}") = "Task1", "Task1", "{3DE1F5B0-51FD-4A64-A061-A3BAA80EA30A}"
EndProject
Project("{FAE04EC0-301F-11D3-BF4B-00C04F79EFBC}") = "Tyuiu.SherenkovIR.Sprint0.Task1.V0", "Tyuiu.SherenkovIR.Sprint0.Task1.V0\Tyuiu.SherenkovIR.Sprint0.Task1.V0.csproj", "{64854732-8E78-48EF-B8B9-BC0D9CC0A5AA}"
EndProject
Project("{2150E333-8FDC-42A3-9474-1A3956D46DE8}") = "Task2", "Task2", "{FACAFF2C-7D57-4BE7-914B-45E2ED97980C}"
EndProject
Project("{FAE04EC0-301F-11D3-BF4B-00C04F79EFBC}") = "Tyuiu.SherenkovIR.Sprint0.Task2.V0", "Tyuiu.SherenkovIR.Sprint0.Task2.V0\Tyuiu.SherenkovIR.Sprint0.Task2.V0.csproj", "{1AD6088E-0250-4F23-AE9B-CB72676A1462}"
EndProject
Project("{FAE04EC0-301F-11D3-BF4B-00C04F79EFBC}") = "Tyuiu.SherenkoIR.Sprint0.Task2.V0.Lib", "Tyuiu.SherenkoIR.Sprint0.Task2.V0.Lib\Tyuiu.SherenkoIR.Sprint0.Task2.V0.Lib.csproj", "{B9ED8CA5-B140-4AB8-98AB-EDC852C01813}"
EndProject
Project("{FAE04EC0-301F-11D3-BF4B-00C04F79EFBC}") = "Tyuiu.SherenkovIR.Sprint0.Task2.V0.Test", "Tyuiu.SherenkovIR.Sprint0.Task2.V0.Test\Tyuiu.SherenkovIR.Sprint0.Task2.V0.Test.csproj", "{4D245835-2EA4-4519-9141-FFEA433FDB3F}"
EndProject
Project("{2150E333-8FDC-42A3-9474-1A3956D46DE8}") = "Task3", "Task3", "{257005B5-CE14-4CB7-82DA-50F13EC2A604}"
EndProject
Project("{FAE04EC0-301F-11D3-BF4B-00C04F79EFBC}") = "Tyuiu.SherenkovIR.Sprint0.Task3.V0", "Tyuiu.SherenkovIR.Sprint0.Task3.V0\Tyuiu.SherenkovIR.Sprint0.Task3.V0.csproj", "{E8123304-40CA-46AA-8612-55FA11DAA9A6}"
EndProject
Project("{FAE04EC0-301F-11D3-BF4B-00C04F79EFBC}") = "Tyuiu.SherenkovIR.Sprint0.Task3.V0.Lib", "Tyuiu.SherenkovIR.Sprint0.Task3.V0.Lib\Tyuiu.SherenkovIR.Sprint0.Task3.V0.Lib.csproj", "{BBC46B95-D836-41D7-B7C9-13D7D625500E}"
EndProject
Project("{FAE04EC0-301F-11D3-BF4B-00C04F79EFBC}") = "Tyuiu.SherenkovIR.Sprint0.Task3.V0.Test", "Tyuiu.SherenkovIR.Sprint0.Task3.V0.Test\Tyuiu.SherenkovIR.Sprint0.Task3.V0.Test.csproj", "{106A2BD4-6C15-42E2-8227-84D262957A7A}"
EndProject
Project("{2150E333-8FDC-42A3-9474-1A3956D46DE8}") = "Task4", "Task4", "{E5562226-9CAE-471A-A2DE-BAAECB3780B0}"
EndProject
Project("{FAE04EC0-301F-11D3-BF4B-00C04F79EFBC}") = "Tyuiu.SherenkovIR.Sprint0.Task4.V0", "Tyuiu.SherenkovIR.Sprint0.Task4.V0\Tyuiu.SherenkovIR.Sprint0.Task4.V0.csproj", "{C6E93DE4-09D1-481C-AF87-A723128A77DD}"
EndProject
Project("{FAE04EC0-301F-11D3-BF4B-00C04F79EFBC}") = "Tyuiu.SherenkovIR.Sprint0.Task4.V0.Lib", "Tyuiu.SherenkovIR.Sprint0.Task4.V0.Lib\Tyuiu.SherenkovIR.Sprint0.Task4.V0.Lib.csproj", "{EC9C75F7-6B86-4B71-94F5-09404BB058A5}"
EndProject
Project("{FAE04EC0-301F-11D3-BF4B-00C04F79EFBC}") = "Tyuiu.SherenkovIR.Sprint0.Task4.V0.Test", "Tyuiu.SherenkovIR.Sprint0.Task4.V0.Test\Tyuiu.SherenkovIR.Sprint0.Task4.V0.Test.csproj", "{BD79780F-DE2C-4CBF-B5D1-1E419B0BB42D}"
EndProject
Project("{2150E333-8FDC-42A3-9474-1A3956D46DE8}") = "Task5", "Task5", "{1B55EED9-8D5D-43D6-80F5-F32B4D1202F6}"
EndProject
Project("{FAE04EC0-301F-11D3-BF4B-00C04F79EFBC}") = "Tyuiu.SherenkovIR.Sprint0.Task5.V0", "Tyuiu.SherenkovIR.Sprint0.Task5.V0\Tyuiu.SherenkovIR.Sprint0.Task5.V0.csproj", "{99E26A55-E5DF-403E-A564-F9314E3B8BC3}"
EndProject
Project("{FAE04EC0-301F-11D3-BF4B-00C04F79EFBC}") = "Tyuiu.SherenkovIR.Sprint0.Task5.V0.Lib", "Tyuiu.SherenkovIR.Sprint0.Task5.V0.Lib\Tyuiu.SherenkovIR.Sprint0.Task5.V0.Lib.csproj", "{F80AB55A-364F-4829-8AD4-05BD3DBD0361}"
EndProject
Project("{FAE04EC0-301F-11D3-BF4B-00C04F79EFBC}") = "Tyuiu.SherenkovIR.Sprint0.Task5.V0.Test", "Tyuiu.SherenkovIR.Sprint0.Task5.V0.Test\Tyuiu.SherenkovIR.Sprint0.Task5.V0.Test.csproj", "{54945B02-82A1-4FE5-AA51-6109DD744C4F}"
EndProject
Project("{2150E333-8FDC-42A3-9474-1A3956D46DE8}") = "Task6", "Task6", "{0B2B6AB8-7593-4D6A-8C26-B76FD0AC07B3}"
EndProject
Project("{FAE04EC0-301F-11D3-BF4B-00C04F79EFBC}") = "Tyuiu.SherenkovIR.Sprint0.Task6.V0", "Tyuiu.SherenkovIR.Sprint0.Task6.V0\Tyuiu.SherenkovIR.Sprint0.Task6.V0.csproj", "{1D1D2375-72CB-4A91-A8F3-17AB6CF3F7A4}"
EndProject
Project("{FAE04EC0-301F-11D3-BF4B-00C04F79EFBC}") = "Tyuiu.SherenkovIR.Sprint0.Task6.V0.Lib", "Tyuiu.SherenkovIR.Sprint0.Task6.V0.Lib\Tyuiu.SherenkovIR.Sprint0.Task6.V0.Lib.csproj", "{1CEE8C0C-E06A-4476-B2E1-98EF2602368C}"
EndProject
Project("{FAE04EC0-301F-11D3-BF4B-00C04F79EFBC}") = "Tyuiu.SherenkovIR.Sprint0.Task6.V0.Test", "Tyuiu.SherenkovIR.Sprint0.Task6.V0.Test\Tyuiu.SherenkovIR.Sprint0.Task6.V0.Test.csproj", "{AB240099-5954-46A3-963A-BC7CA5D7E79C}"
EndProject
Project("{2150E333-8FDC-42A3-9474-1A3956D46DE8}") = "Task7", "Task7", "{90613FAE-5A28-447E-B908-4ACA215F5C37}"
EndProject
Project("{FAE04EC0-301F-11D3-BF4B-00C04F79EFBC}") = "Tyuiu.SherenkovIR.Sprint0.Task7.V0", "Tyuiu.SherenkovIR.Sprint0.Task7.V0\Tyuiu.SherenkovIR.Sprint0.Task7.V0.csproj", "{AD40EA35-2A62-4A9D-946E-FB5F2145B21B}"
EndProject
Project("{FAE04EC0-301F-11D3-BF4B-00C04F79EFBC}") = "Tyuiu.SherenkovIR.Sprint0.Task7.V0.Lib", "Tyuiu.SherenkovIR.Sprint0.Task7.V0.Lib\Tyuiu.SherenkovIR.Sprint0.Task7.V0.Lib.csproj", "{82A3B8B3-D53C-4918-869E-4EE1257E2EFB}"
EndProject
Project("{FAE04EC0-301F-11D3-BF4B-00C04F79EFBC}") = "Tyuiu.SherenkovIR.Sprint0.Task7.V0.Test", "Tyuiu.SherenkovIR.Sprint0.Task7.V0.Test\Tyuiu.SherenkovIR.Sprint0.Task7.V0.Test.csproj", "{2B14FA77-141A-4E6B-9D3B-1D6F63D26ED0}"
EndProject
Global
	GlobalSection(SolutionConfigurationPlatforms) = preSolution
		Debug|Any CPU = Debug|Any CPU
		Release|Any CPU = Release|Any CPU
	EndGlobalSection
	GlobalSection(ProjectConfigurationPlatforms) = postSolution
		{308A5E6D-99D3-462A-8300-73194022D7B3}.Debug|Any CPU.ActiveCfg = Debug|Any CPU
		{308A5E6D-99D3-462A-8300-73194022D7B3}.Debug|Any CPU.Build.0 = Debug|Any CPU
		{308A5E6D-99D3-462A-8300-73194022D7B3}.Release|Any CPU.ActiveCfg = Release|Any CPU
		{308A5E6D-99D3-462A-8300-73194022D7B3}.Release|Any CPU.Build.0 = Release|Any CPU
		{64854732-8E78-48EF-B8B9-BC0D9CC0A5AA}.Debug|Any CPU.ActiveCfg = Debug|Any CPU
		{64854732-8E78-48EF-B8B9-BC0D9CC0A5AA}.Debug|Any CPU.Build.0 = Debug|Any CPU
		{64854732-8E78-48EF-B8B9-BC0D9CC0A5AA}.Release|Any CPU.ActiveCfg = Release|Any CPU
		{64854732-8E78-48EF-B8B9-BC0D9CC0A5AA}.Release|Any CPU.Build.0 = Release|Any CPU
		{1AD6088E-0250-4F23-AE9B-CB72676A1462}.Debug|Any CPU.ActiveCfg = Debug|Any CPU
		{1AD6088E-0250-4F23-AE9B-CB72676A1462}.Debug|Any CPU.Build.0 = Debug|Any CPU
		{1AD6088E-0250-4F23-AE9B-CB72676A1462}.Release|Any CPU.ActiveCfg = Release|Any CPU
		{1AD6088E-0250-4F23-AE9B-CB72676A1462}.Release|Any CPU.Build.0 = Release|Any CPU
		{B9ED8CA5-B140-4AB8-98AB-EDC852C01813}.Debug|Any CPU.ActiveCfg = Debug|Any CPU
		{B9ED8CA5-B140-4AB8-98AB-EDC852C01813}.Debug|Any CPU.Build.0 = Debug|Any CPU
		{B9ED8CA5-B140-4AB8-98AB-EDC852C01813}.Release|Any CPU.ActiveCfg = Release|Any CPU
		{B9ED8CA5-B140-4AB8-98AB-EDC852C01813}.Release|Any CPU.Build.0 = Release|Any CPU
		{4D245835-2EA4-4519-9141-FFEA433FDB3F}.Debug|Any CPU.ActiveCfg = Debug|Any CPU
		{4D245835-2EA4-4519-9141-FFEA433FDB3F}.Debug|Any CPU.Build.0 = Debug|Any CPU
		{4D245835-2EA4-4519-9141-FFEA433FDB3F}.Release|Any CPU.ActiveCfg = Release|Any CPU
		{4D245835-2EA4-4519-9141-FFEA433FDB3F}.Release|Any CPU.Build.0 = Release|Any CPU
		{E8123304-40CA-46AA-8612-55FA11DAA9A6}.Debug|Any CPU.ActiveCfg = Debug|Any CPU
		{E8123304-40CA-46AA-8612-55FA11DAA9A6}.Debug|Any CPU.Build.0 = Debug|Any CPU
		{E8123304-40CA-46AA-8612-55FA11DAA9A6}.Release|Any CPU.ActiveCfg = Release|Any CPU
		{E8123304-40CA-46AA-8612-55FA11DAA9A6}.Release|Any CPU.Build.0 = Release|Any CPU
		{BBC46B95-D836-41D7-B7C9-13D7D625500E}.Debug|Any CPU.ActiveCfg = Debug|Any CPU
		{BBC46B95-D836-41D7-B7C9-13D7D625500E}.Debug|Any CPU.Build.0 = Debug|Any CPU
		{BBC46B95-D836-41D7-B7C9-13D7D625500E}.Release|Any CPU.ActiveCfg = Release|Any CPU
		{BBC46B95-D836-41D7-B7C9-13D7D625500E}.Release|Any CPU.Build.0 = Release|Any CPU
		{106A2BD4-6C15-42E2-8227-84D262957A7A}.Debug|Any CPU.ActiveCfg = Debug|Any CPU
		{106A2BD4-6C15-42E2-8227-84D262957A7A}.Debug|Any CPU.Build.0 = Debug|Any CPU
		{106A2BD4-6C15-42E2-8227-84D262957A7A}.Release|Any CPU.ActiveCfg = Release|Any CPU
		{106A2BD4-6C15-42E2-8227-84D262957A7A}.Release|Any CPU.Build.0 = Release|Any CPU
		{C6E93DE4-09D1-481C-AF87-A723128A77DD}.Debug|Any CPU.ActiveCfg = Debug|Any CPU
		{C6E93DE4-09D1-481C-AF87-A723128A77DD}.Debug|Any CPU.Build.0 = Debug|Any CPU
		{C6E93DE4-09D1-481C-AF87-A723128A77DD}.Release|Any CPU.ActiveCfg = Release|Any CPU
		{C6E93DE4-09D1-481C-AF87-A723128A77DD}.Release|Any CPU.Build.0 = Release|Any CPU
		{EC9C75F7-6B86-4B71-94F5-09404BB058A5}.Debug|Any CPU.ActiveCfg = Debug|Any CPU
		{EC9C75F7-6B86-4B71-94F5-09404BB058A5}.Debug|Any CPU.Build.0 = Debug|Any CPU
		{EC9C75F7-6B86-4B71-94F5-09404BB058A5}.Release|Any CPU.ActiveCfg = Release|Any CPU
		{EC9C75F7-6B86-4B71-94F5-09404BB058A5}.Release|Any CPU.Build.0 = Release|Any CPU
		{BD79780F-DE2C-4CBF-B5D1-1E419B0BB42D}.Debug|Any CPU.ActiveCfg = Debug|Any CPU
		{BD79780F-DE2C-4CBF-B5D1-1E419B0BB42D}.Debug|Any CPU.Build.0 = Debug|Any CPU
		{BD79780F-DE2C-4CBF-B5D1-1E419B0BB42D}.Release|Any CPU.ActiveCfg = Release|Any CPU
		{BD79780F-DE2C-4CBF-B5D1-1E419B0BB42D}.Release|Any CPU.Build.0 = Release|Any CPU
		{99E26A55-E5DF-403E-A564-F9314E3B8BC3}.Debug|Any CPU.ActiveCfg = Debug|Any CPU
		{99E26A55-E5DF-403E-A564-F9314E3B8BC3}.Debug|Any CPU.Build.0 = Debug|Any CPU
		{99E26A55-E5DF-403E-A564-F9314E3B8BC3}.Release|Any CPU.ActiveCfg = Release|Any CPU
		{99E26A55-E5DF-403E-A564-F9314E3B8BC3}.Release|Any CPU.Build.0 = Release|Any CPU
		{F80AB55A-364F-4829-8AD4-05BD3DBD0361}.Debug|Any CPU.ActiveCfg = Debug|Any CPU
		{F80AB55A-364F-4829-8AD4-05BD3DBD0361}.Debug|Any CPU.Build.0 = Debug|Any CPU
		{F80AB55A-364F-4829-8AD4-05BD3DBD0361}.Release|Any CPU.ActiveCfg = Release|Any CPU
		{F80AB55A-364F-4829-8AD4-05BD3DBD0361}.Release|Any CPU.Build.0 = Release|Any CPU
		{54945B02-82A1-4FE5-AA51-6109DD744C4F}.Debug|Any CPU.ActiveCfg = Debug|Any CPU
		{54945B02-82A1-4FE5-AA51-6109DD744C4F}.Debug|Any CPU.Build.0 = Debug|Any CPU
		{54945B02-82A1-4FE5-AA51-6109DD744C4F}.Release|Any CPU.ActiveCfg = Release|Any CPU
		{54945B02-82A1-4FE5-AA51-6109DD744C4F}.Release|Any CPU.Build.0 = Release|Any CPU
		{1D1D2375-72CB-4A91-A8F3-17AB6CF3F7A4}.Debug|Any CPU.ActiveCfg = Debug|Any CPU
		{1D1D2375-72CB-4A91-A8F3-17AB6CF3F7A4}.Debug|Any CPU.Build.0 = Debug|Any CPU
		{1D1D2375-72CB-4A91-A8F3-17AB6CF3F7A4}.Release|Any CPU.ActiveCfg = Release|Any CPU
		{1D1D2375-72CB-4A91-A8F3-17AB6CF3F7A4}.Release|Any CPU.Build.0 = Release|Any CPU
		{1CEE8C0C-E06A-4476-B2E1-98EF2602368C}.Debug|Any CPU.ActiveCfg = Debug|Any CPU
		{1CEE8C0C-E06A-4476-B2E1-98EF2602368C}.Debug|Any CPU.Build.0 = Debug|Any CPU
		{1CEE8C0C-E06A-4476-B2E1-98EF2602368C}.Release|Any CPU.ActiveCfg = Release|Any CPU
		{1CEE8C0C-E06A-4476-B2E1-98EF2602368C}.Release|Any CPU.Build.0 = Release|Any CPU
		{AB240099-5954-46A3-963A-BC7CA5D7E79C}.Debug|Any CPU.ActiveCfg = Debug|Any CPU
		{AB240099-5954-46A3-963A-BC7CA5D7E79C}.Debug|Any CPU.Build.0 = Debug|Any CPU
		{AB240099-5954-46A3-963A-BC7CA5D7E79C}.Release|Any CPU.ActiveCfg = Release|Any CPU
		{AB240099-5954-46A3-963A-BC7CA5D7E79C}.Release|Any CPU.Build.0 = Release|Any CPU
		{AD40EA35-2A62-4A9D-946E-FB5F2145B21B}.Debug|Any CPU.ActiveCfg = Debug|Any CPU
		{AD40EA35-2A62-4A9D-946E-FB5F2145B21B}.Debug|Any CPU.Build.0 = Debug|Any CPU
		{AD40EA35-2A62-4A9D-946E-FB5F2145B21B}.Release|Any CPU.ActiveCfg = Release|Any CPU
		{AD40EA35-2A62-4A9D-946E-FB5F2145B21B}.Release|Any CPU.Build.0 = Release|Any CPU
		{82A3B8B3-D53C-4918-869E-4EE1257E2EFB}.Debug|Any CPU.ActiveCfg = Debug|Any CPU
		{82A3B8B3-D53C-4918-869E-4EE1257E2EFB}.Debug|Any CPU.Build.0 = Debug|Any CPU
		{82A3B8B3-D53C-4918-869E-4EE1257E2EFB}.Release|Any CPU.ActiveCfg = Release|Any CPU
		{82A3B8B3-D53C-4918-869E-4EE1257E2EFB}.Release|Any CPU.Build.0 = Release|Any CPU
		{2B14FA77-141A-4E6B-9D3B-1D6F63D26ED0}.Debug|Any CPU.ActiveCfg = Debug|Any CPU
		{2B14FA77-141A-4E6B-9D3B-1D6F63D26ED0}.Debug|Any CPU.Build.0 = Debug|Any CPU
		{2B14FA77-141A-4E6B-9D3B-1D6F63D26ED0}.Release|Any CPU.ActiveCfg = Release|Any CPU
		{2B14FA77-141A-4E6B-9D3B-1D6F63D26ED0}.Release|Any CPU.Build.0 = Release|Any CPU
	EndGlobalSection
	GlobalSection(SolutionProperties) = preSolution
		HideSolutionNode = FALSE
	EndGlobalSection
	GlobalSection(NestedProjects) = preSolution
		{308A5E6D-99D3-462A-8300-73194022D7B3} = {02EA681E-C7D8-13C7-8484-4AC65E1B71E8}
		{64854732-8E78-48EF-B8B9-BC0D9CC0A5AA} = {3DE1F5B0-51FD-4A64-A061-A3BAA80EA30A}
		{1AD6088E-0250-4F23-AE9B-CB72676A1462} = {FACAFF2C-7D57-4BE7-914B-45E2ED97980C}
		{B9ED8CA5-B140-4AB8-98AB-EDC852C01813} = {FACAFF2C-7D57-4BE7-914B-45E2ED97980C}
		{4D245835-2EA4-4519-9141-FFEA433FDB3F} = {FACAFF2C-7D57-4BE7-914B-45E2ED97980C}
		{E8123304-40CA-46AA-8612-55FA11DAA9A6} = {257005B5-CE14-4CB7-82DA-50F13EC2A604}
		{BBC46B95-D836-41D7-B7C9-13D7D625500E} = {257005B5-CE14-4CB7-82DA-50F13EC2A604}
		{106A2BD4-6C15-42E2-8227-84D262957A7A} = {257005B5-CE14-4CB7-82DA-50F13EC2A604}
		{C6E93DE4-09D1-481C-AF87-A723128A77DD} = {E5562226-9CAE-471A-A2DE-BAAECB3780B0}
		{EC9C75F7-6B86-4B71-94F5-09404BB058A5} = {E5562226-9CAE-471A-A2DE-BAAECB3780B0}
		{BD79780F-DE2C-4CBF-B5D1-1E419B0BB42D} = {E5562226-9CAE-471A-A2DE-BAAECB3780B0}
		{99E26A55-E5DF-403E-A564-F9314E3B8BC3} = {1B55EED9-8D5D-43D6-80F5-F32B4D1202F6}
		{F80AB55A-364F-4829-8AD4-05BD3DBD0361} = {1B55EED9-8D5D-43D6-80F5-F32B4D1202F6}
		{54945B02-82A1-4FE5-AA51-6109DD744C4F} = {1B55EED9-8D5D-43D6-80F5-F32B4D1202F6}
		{1D1D2375-72CB-4A91-A8F3-17AB6CF3F7A4} = {0B2B6AB8-7593-4D6A-8C26-B76FD0AC07B3}
		{1CEE8C0C-E06A-4476-B2E1-98EF2602368C} = {0B2B6AB8-7593-4D6A-8C26-B76FD0AC07B3}
		{AB240099-5954-46A3-963A-BC7CA5D7E79C} = {0B2B6AB8-7593-4D6A-8C26-B76FD0AC07B3}
		{AD40EA35-2A62-4A9D-946E-FB5F2145B21B} = {90613FAE-5A28-447E-B908-4ACA215F5C37}
		{82A3B8B3-D53C-4918-869E-4EE1257E2EFB} = {90613FAE-5A28-447E-B908-4ACA215F5C37}
		{2B14FA77-141A-4E6B-9D3B-1D6F63D26ED0} = {90613FAE-5A28-447E-B908-4ACA215F5C37}
	EndGlobalSection
	GlobalSection(ExtensibilityGlobals) = postSolution
		SolutionGuid = {28681678-3852-4531-AD3F-7EAB0FD0F447}
	EndGlobalSection
EndGlobal
